// !$*UTF8*$!
{
	archiveVersion = 1;
	classes = {
	};
	objectVersion = 54;
	objects = {

/* Begin PBXBuildFile section */
		00E356F31AD99517003FC87E /* soulmateTests.m in Sources */ = {isa = PBXBuildFile; fileRef = 00E356F21AD99517003FC87E /* soulmateTests.m */; };
		13B07FBC1A68108700A75B9A /* AppDelegate.m in Sources */ = {isa = PBXBuildFile; fileRef = 13B07FB01A68108700A75B9A /* AppDelegate.m */; };
		13B07FBF1A68108700A75B9A /* Images.xcassets in Resources */ = {isa = PBXBuildFile; fileRef = 13B07FB51A68108700A75B9A /* Images.xcassets */; };
		13B07FC11A68108700A75B9A /* main.m in Sources */ = {isa = PBXBuildFile; fileRef = 13B07FB71A68108700A75B9A /* main.m */; };
		81AB9BB82411601600AC10FF /* LaunchScreen.storyboard in Resources */ = {isa = PBXBuildFile; fileRef = 81AB9BB72411601600AC10FF /* LaunchScreen.storyboard */; };
		44820C27881943339EBF4704 /* AndikaNewBasic-Bold.ttf in Resources */ = {isa = PBXBuildFile; fileRef = 53414A466EB648528FC62889 /* AndikaNewBasic-Bold.ttf */; };
		452FB7438BA84323BDFDAE94 /* AndikaNewBasic-BoldItalic.ttf in Resources */ = {isa = PBXBuildFile; fileRef = 6BC82A49B93D4223BE1E521C /* AndikaNewBasic-BoldItalic.ttf */; };
		0AFD200E74FC46F88521DED2 /* AndikaNewBasic-Italic.ttf in Resources */ = {isa = PBXBuildFile; fileRef = 9DE8D573D5E44E2D8D017BA7 /* AndikaNewBasic-Italic.ttf */; };
		AFAEB07F802B40A480AC848E /* AndikaNewBasic-Regular.ttf in Resources */ = {isa = PBXBuildFile; fileRef = 59F255F13E184E4089B32FDB /* AndikaNewBasic-Regular.ttf */; };
		657E51D5A0FF478AB258E947 /* Courgette-Regular.ttf in Resources */ = {isa = PBXBuildFile; fileRef = B054989EBA6C4C07A20C871E /* Courgette-Regular.ttf */; };
		395CCD1AA92F4C1B80FA989B /* MarckScript-Regular.ttf in Resources */ = {isa = PBXBuildFile; fileRef = AF058AF1AFD94C7A8FA4B693 /* MarckScript-Regular.ttf */; };
		1541D810533B456298A359B6 /* PermanentMarker-Regular.ttf in Resources */ = {isa = PBXBuildFile; fileRef = F74C15CA8C4C4D048177EA70 /* PermanentMarker-Regular.ttf */; };
		8F423CABAF1846E2BF47DAB3 /* AndikaNewBasic-Bold.ttf in Resources */ = {isa = PBXBuildFile; fileRef = 4FA37049373F473EAF67783C /* AndikaNewBasic-Bold.ttf */; };
		3E399704DE7B4099AEE0B3D5 /* AndikaNewBasic-BoldItalic.ttf in Resources */ = {isa = PBXBuildFile; fileRef = 96CC3575754048FF95283D7F /* AndikaNewBasic-BoldItalic.ttf */; };
		06BBC0632C014DF496972D19 /* AndikaNewBasic-Italic.ttf in Resources */ = {isa = PBXBuildFile; fileRef = 25581D5DA56F4F8297CC3EAC /* AndikaNewBasic-Italic.ttf */; };
		463D895C77554F6AA7F133C6 /* AndikaNewBasic-Regular.ttf in Resources */ = {isa = PBXBuildFile; fileRef = 6106CC9F2884456393D62226 /* AndikaNewBasic-Regular.ttf */; };
		9514EBE7B9914D25BFD4EDB8 /* Courgette-Regular.ttf in Resources */ = {isa = PBXBuildFile; fileRef = 9EAA18CFB33D4E1387CB7F0E /* Courgette-Regular.ttf */; };
		9334A92EB30D4246B35BE226 /* MarckScript-Regular.ttf in Resources */ = {isa = PBXBuildFile; fileRef = 6B95262F533F47CFB2F6A549 /* MarckScript-Regular.ttf */; };
		47C9B1BC674943B3AD213E97 /* PermanentMarker-Regular.ttf in Resources */ = {isa = PBXBuildFile; fileRef = D6E4F66E6B3F4B3B841F0EBE /* PermanentMarker-Regular.ttf */; };
		F28953B920B1449298387EBA /* FomoSans-Bold.ttf in Resources */ = {isa = PBXBuildFile; fileRef = 5507AF8F4E094788B6CAA3CD /* FomoSans-Bold.ttf */; };
		AD3F2647B5AC49E48D124F1A /* FomoSans-Regular.ttf in Resources */ = {isa = PBXBuildFile; fileRef = 30C14E5E219B47B3B7AF3CD5 /* FomoSans-Regular.ttf */; };
		B0BF967EC1B745A9841C55B3 /* nano.ttf in Resources */ = {isa = PBXBuildFile; fileRef = 45BA7013C5FC449486651694 /* nano.ttf */; };
		0ABA127710554C4D97B5E941 /* Tahu!.otf in Resources */ = {isa = PBXBuildFile; fileRef = E915FD744E51474CB676228E /* Tahu!.otf */; };
		DDDC142586FF4585AED7BD60 /* Tahu!.ttf in Resources */ = {isa = PBXBuildFile; fileRef = 59AEABB679CE446E8DD4DDDD /* Tahu!.ttf */; };
		00CB2562847A429C997C82E2 /* Zingakon.ttf in Resources */ = {isa = PBXBuildFile; fileRef = 098C915BC75B4806B175F324 /* Zingakon.ttf */; };
		3FDF7FE182434836A918DF76 /* AntDesign.ttf in Resources */ = {isa = PBXBuildFile; fileRef = FCE06B2B905348C3AAE25C58 /* AntDesign.ttf */; };
		E6A4A9F81AB248EEBB972684 /* Entypo.ttf in Resources */ = {isa = PBXBuildFile; fileRef = 39FE8903043145708A57A3FA /* Entypo.ttf */; };
		E38171D5907C4C1BB1917929 /* EvilIcons.ttf in Resources */ = {isa = PBXBuildFile; fileRef = 523AD86EB15D466086681942 /* EvilIcons.ttf */; };
		8CF621914AAB483F96E25F6D /* Feather.ttf in Resources */ = {isa = PBXBuildFile; fileRef = 4B6B0ECF00FC45C8B11F8E53 /* Feather.ttf */; };
		0DD00B99A7CB4DEC8D109D77 /* FontAwesome.ttf in Resources */ = {isa = PBXBuildFile; fileRef = 7CCE5D564FF84625850F1403 /* FontAwesome.ttf */; };
		9644B76B13F8495C95750F7A /* FontAwesome5_Brands.ttf in Resources */ = {isa = PBXBuildFile; fileRef = D7B3FE0E15544E2C8CFED857 /* FontAwesome5_Brands.ttf */; };
		C1AB74F4429C4CB298AF3648 /* FontAwesome5_Regular.ttf in Resources */ = {isa = PBXBuildFile; fileRef = 703EF46B28FD45788E8661C5 /* FontAwesome5_Regular.ttf */; };
		C7A4B5229D7C4A179A383E2F /* FontAwesome5_Solid.ttf in Resources */ = {isa = PBXBuildFile; fileRef = 43A1CE14507D476F9EBE2B75 /* FontAwesome5_Solid.ttf */; };
		61C2994D193540ED8BAC92EA /* Fontisto.ttf in Resources */ = {isa = PBXBuildFile; fileRef = 43BA9579C9934F81B2E36330 /* Fontisto.ttf */; };
		B7A6610168D341F89D34CFCE /* Foundation.ttf in Resources */ = {isa = PBXBuildFile; fileRef = 0CBA93743D4A4D539E4D0DA8 /* Foundation.ttf */; };
		37052ABA0AF24057A78E5827 /* Ionicons.ttf in Resources */ = {isa = PBXBuildFile; fileRef = 8E7F14B193694AFFB7FBC79D /* Ionicons.ttf */; };
		C1346ABF8F7C45609393D8B5 /* MaterialCommunityIcons.ttf in Resources */ = {isa = PBXBuildFile; fileRef = E7C79D66CE0843B1B2DDC4FD /* MaterialCommunityIcons.ttf */; };
		BB164D26D2E74776ADE9EEF9 /* MaterialIcons.ttf in Resources */ = {isa = PBXBuildFile; fileRef = 764B90F4753044E8838CC6EF /* MaterialIcons.ttf */; };
		8F24E26F9B564956A9CC6CEC /* Octicons.ttf in Resources */ = {isa = PBXBuildFile; fileRef = B1FF66FCF39349A396E4826F /* Octicons.ttf */; };
		6FA3E12A57144237AD694B30 /* SimpleLineIcons.ttf in Resources */ = {isa = PBXBuildFile; fileRef = 994DCB07320D456E8EDF2E3E /* SimpleLineIcons.ttf */; };
		519CB7A5791A4C60BCD2FCEE /* Zocial.ttf in Resources */ = {isa = PBXBuildFile; fileRef = 9FC726592B154DE59C89F451 /* Zocial.ttf */; };
		B38D922ED866460EA5353F36 /* AfterBreaking.otf in Resources */ = {isa = PBXBuildFile; fileRef = EC1D26BD602B40E39A060F0A /* AfterBreaking.otf */; };
		7CA7E67EA8EB496A85D1BCC2 /* Ambulane.ttf in Resources */ = {isa = PBXBuildFile; fileRef = 2E8EADFDC7F94FBEA1196F1F /* Ambulane.ttf */; };
		F60D50BACCF14BABA4464EF3 /* Guttenbay.ttf in Resources */ = {isa = PBXBuildFile; fileRef = 0A6CEB72ACEF4679B378FF0D /* Guttenbay.ttf */; };
		78780F6611B84076A2FE73D0 /* The Rughton Script.ttf in Resources */ = {isa = PBXBuildFile; fileRef = 6E99BCCCF71D45E980DBB89D /* The Rughton Script.ttf */; };
		610B3A54EB874759BE1EE55D /* Westminster.otf in Resources */ = {isa = PBXBuildFile; fileRef = E3788D5A178A4B34A32F8C6A /* Westminster.otf */; };
/* End PBXBuildFile section */

/* Begin PBXContainerItemProxy section */
		00E356F41AD99517003FC87E /* PBXContainerItemProxy */ = {
			isa = PBXContainerItemProxy;
			containerPortal = 83CBB9F71A601CBA00E9B192 /* Project object */;
			proxyType = 1;
			remoteGlobalIDString = 13B07F861A680F5B00A75B9A;
			remoteInfo = soulmate;
		};
/* End PBXContainerItemProxy section */

/* Begin PBXFileReference section */
		00E356EE1AD99517003FC87E /* soulmateTests.xctest */ = {isa = PBXFileReference; explicitFileType = wrapper.cfbundle; includeInIndex = 0; path = soulmateTests.xctest; sourceTree = BUILT_PRODUCTS_DIR; };
		00E356F11AD99517003FC87E /* Info.plist */ = {isa = PBXFileReference; lastKnownFileType = text.plist.xml; path = Info.plist; sourceTree = "<group>"; };
		00E356F21AD99517003FC87E /* soulmateTests.m */ = {isa = PBXFileReference; lastKnownFileType = sourcecode.c.objc; path = soulmateTests.m; sourceTree = "<group>"; };
		13B07F961A680F5B00A75B9A /* soulmate.app */ = {isa = PBXFileReference; explicitFileType = wrapper.application; includeInIndex = 0; path = soulmate.app; sourceTree = BUILT_PRODUCTS_DIR; };
		13B07FAF1A68108700A75B9A /* AppDelegate.h */ = {isa = PBXFileReference; fileEncoding = 4; lastKnownFileType = sourcecode.c.h; name = AppDelegate.h; path = soulmate/AppDelegate.h; sourceTree = "<group>"; };
		13B07FB01A68108700A75B9A /* AppDelegate.m */ = {isa = PBXFileReference; fileEncoding = 4; lastKnownFileType = sourcecode.c.objc; name = AppDelegate.m; path = soulmate/AppDelegate.m; sourceTree = "<group>"; };
		13B07FB51A68108700A75B9A /* Images.xcassets */ = {isa = PBXFileReference; lastKnownFileType = folder.assetcatalog; name = Images.xcassets; path = soulmate/Images.xcassets; sourceTree = "<group>"; };
		13B07FB61A68108700A75B9A /* Info.plist */ = {isa = PBXFileReference; fileEncoding = 4; lastKnownFileType = text.plist.xml; name = Info.plist; path = soulmate/Info.plist; sourceTree = "<group>"; };
		13B07FB71A68108700A75B9A /* main.m */ = {isa = PBXFileReference; fileEncoding = 4; lastKnownFileType = sourcecode.c.objc; name = main.m; path = soulmate/main.m; sourceTree = "<group>"; };
		81AB9BB72411601600AC10FF /* LaunchScreen.storyboard */ = {isa = PBXFileReference; fileEncoding = 4; lastKnownFileType = file.storyboard; name = LaunchScreen.storyboard; path = soulmate/LaunchScreen.storyboard; sourceTree = "<group>"; };
		ED297162215061F000B7C4FE /* JavaScriptCore.framework */ = {isa = PBXFileReference; lastKnownFileType = wrapper.framework; name = JavaScriptCore.framework; path = System/Library/Frameworks/JavaScriptCore.framework; sourceTree = SDKROOT; };
		53414A466EB648528FC62889 /* AndikaNewBasic-Bold.ttf */ = {isa = PBXFileReference; name = "AndikaNewBasic-Bold.ttf"; path = "../assets/fonts/AndikaNewBasic-Bold.ttf"; sourceTree = "<group>"; fileEncoding = undefined; lastKnownFileType = unknown; explicitFileType = undefined; includeInIndex = 0; };
		6BC82A49B93D4223BE1E521C /* AndikaNewBasic-BoldItalic.ttf */ = {isa = PBXFileReference; name = "AndikaNewBasic-BoldItalic.ttf"; path = "../assets/fonts/AndikaNewBasic-BoldItalic.ttf"; sourceTree = "<group>"; fileEncoding = undefined; lastKnownFileType = unknown; explicitFileType = undefined; includeInIndex = 0; };
		9DE8D573D5E44E2D8D017BA7 /* AndikaNewBasic-Italic.ttf */ = {isa = PBXFileReference; name = "AndikaNewBasic-Italic.ttf"; path = "../assets/fonts/AndikaNewBasic-Italic.ttf"; sourceTree = "<group>"; fileEncoding = undefined; lastKnownFileType = unknown; explicitFileType = undefined; includeInIndex = 0; };
		59F255F13E184E4089B32FDB /* AndikaNewBasic-Regular.ttf */ = {isa = PBXFileReference; name = "AndikaNewBasic-Regular.ttf"; path = "../assets/fonts/AndikaNewBasic-Regular.ttf"; sourceTree = "<group>"; fileEncoding = undefined; lastKnownFileType = unknown; explicitFileType = undefined; includeInIndex = 0; };
		B054989EBA6C4C07A20C871E /* Courgette-Regular.ttf */ = {isa = PBXFileReference; name = "Courgette-Regular.ttf"; path = "../assets/fonts/Courgette-Regular.ttf"; sourceTree = "<group>"; fileEncoding = undefined; lastKnownFileType = unknown; explicitFileType = undefined; includeInIndex = 0; };
		AF058AF1AFD94C7A8FA4B693 /* MarckScript-Regular.ttf */ = {isa = PBXFileReference; name = "MarckScript-Regular.ttf"; path = "../assets/fonts/MarckScript-Regular.ttf"; sourceTree = "<group>"; fileEncoding = undefined; lastKnownFileType = unknown; explicitFileType = undefined; includeInIndex = 0; };
		F74C15CA8C4C4D048177EA70 /* PermanentMarker-Regular.ttf */ = {isa = PBXFileReference; name = "PermanentMarker-Regular.ttf"; path = "../assets/fonts/PermanentMarker-Regular.ttf"; sourceTree = "<group>"; fileEncoding = undefined; lastKnownFileType = unknown; explicitFileType = undefined; includeInIndex = 0; };
		4FA37049373F473EAF67783C /* AndikaNewBasic-Bold.ttf */ = {isa = PBXFileReference; name = "AndikaNewBasic-Bold.ttf"; path = "../src/assets/fonts/AndikaNewBasic-Bold.ttf"; sourceTree = "<group>"; fileEncoding = undefined; lastKnownFileType = unknown; explicitFileType = undefined; includeInIndex = 0; };
		96CC3575754048FF95283D7F /* AndikaNewBasic-BoldItalic.ttf */ = {isa = PBXFileReference; name = "AndikaNewBasic-BoldItalic.ttf"; path = "../src/assets/fonts/AndikaNewBasic-BoldItalic.ttf"; sourceTree = "<group>"; fileEncoding = undefined; lastKnownFileType = unknown; explicitFileType = undefined; includeInIndex = 0; };
		25581D5DA56F4F8297CC3EAC /* AndikaNewBasic-Italic.ttf */ = {isa = PBXFileReference; name = "AndikaNewBasic-Italic.ttf"; path = "../src/assets/fonts/AndikaNewBasic-Italic.ttf"; sourceTree = "<group>"; fileEncoding = undefined; lastKnownFileType = unknown; explicitFileType = undefined; includeInIndex = 0; };
		6106CC9F2884456393D62226 /* AndikaNewBasic-Regular.ttf */ = {isa = PBXFileReference; name = "AndikaNewBasic-Regular.ttf"; path = "../src/assets/fonts/AndikaNewBasic-Regular.ttf"; sourceTree = "<group>"; fileEncoding = undefined; lastKnownFileType = unknown; explicitFileType = undefined; includeInIndex = 0; };
		9EAA18CFB33D4E1387CB7F0E /* Courgette-Regular.ttf */ = {isa = PBXFileReference; name = "Courgette-Regular.ttf"; path = "../src/assets/fonts/Courgette-Regular.ttf"; sourceTree = "<group>"; fileEncoding = undefined; lastKnownFileType = unknown; explicitFileType = undefined; includeInIndex = 0; };
		6B95262F533F47CFB2F6A549 /* MarckScript-Regular.ttf */ = {isa = PBXFileReference; name = "MarckScript-Regular.ttf"; path = "../src/assets/fonts/MarckScript-Regular.ttf"; sourceTree = "<group>"; fileEncoding = undefined; lastKnownFileType = unknown; explicitFileType = undefined; includeInIndex = 0; };
		D6E4F66E6B3F4B3B841F0EBE /* PermanentMarker-Regular.ttf */ = {isa = PBXFileReference; name = "PermanentMarker-Regular.ttf"; path = "../src/assets/fonts/PermanentMarker-Regular.ttf"; sourceTree = "<group>"; fileEncoding = undefined; lastKnownFileType = unknown; explicitFileType = undefined; includeInIndex = 0; };
		5507AF8F4E094788B6CAA3CD /* FomoSans-Bold.ttf */ = {isa = PBXFileReference; name = "FomoSans-Bold.ttf"; path = "../src/assets/fonts/FomoSans-Bold.ttf"; sourceTree = "<group>"; fileEncoding = undefined; lastKnownFileType = unknown; explicitFileType = undefined; includeInIndex = 0; };
		30C14E5E219B47B3B7AF3CD5 /* FomoSans-Regular.ttf */ = {isa = PBXFileReference; name = "FomoSans-Regular.ttf"; path = "../src/assets/fonts/FomoSans-Regular.ttf"; sourceTree = "<group>"; fileEncoding = undefined; lastKnownFileType = unknown; explicitFileType = undefined; includeInIndex = 0; };
		45BA7013C5FC449486651694 /* nano.ttf */ = {isa = PBXFileReference; name = "nano.ttf"; path = "../src/assets/fonts/nano.ttf"; sourceTree = "<group>"; fileEncoding = undefined; lastKnownFileType = unknown; explicitFileType = undefined; includeInIndex = 0; };
		E915FD744E51474CB676228E /* Tahu!.otf */ = {isa = PBXFileReference; name = "Tahu!.otf"; path = "../src/assets/fonts/Tahu!.otf"; sourceTree = "<group>"; fileEncoding = undefined; lastKnownFileType = unknown; explicitFileType = undefined; includeInIndex = 0; };
		59AEABB679CE446E8DD4DDDD /* Tahu!.ttf */ = {isa = PBXFileReference; name = "Tahu!.ttf"; path = "../src/assets/fonts/Tahu!.ttf"; sourceTree = "<group>"; fileEncoding = undefined; lastKnownFileType = unknown; explicitFileType = undefined; includeInIndex = 0; };
		098C915BC75B4806B175F324 /* Zingakon.ttf */ = {isa = PBXFileReference; name = "Zingakon.ttf"; path = "../src/assets/fonts/Zingakon.ttf"; sourceTree = "<group>"; fileEncoding = undefined; lastKnownFileType = unknown; explicitFileType = undefined; includeInIndex = 0; };
		FCE06B2B905348C3AAE25C58 /* AntDesign.ttf */ = {isa = PBXFileReference; name = "AntDesign.ttf"; path = "../node_modules/react-native-vector-icons/Fonts/AntDesign.ttf"; sourceTree = "<group>"; fileEncoding = undefined; lastKnownFileType = unknown; explicitFileType = undefined; includeInIndex = 0; };
		39FE8903043145708A57A3FA /* Entypo.ttf */ = {isa = PBXFileReference; name = "Entypo.ttf"; path = "../node_modules/react-native-vector-icons/Fonts/Entypo.ttf"; sourceTree = "<group>"; fileEncoding = undefined; lastKnownFileType = unknown; explicitFileType = undefined; includeInIndex = 0; };
		523AD86EB15D466086681942 /* EvilIcons.ttf */ = {isa = PBXFileReference; name = "EvilIcons.ttf"; path = "../node_modules/react-native-vector-icons/Fonts/EvilIcons.ttf"; sourceTree = "<group>"; fileEncoding = undefined; lastKnownFileType = unknown; explicitFileType = undefined; includeInIndex = 0; };
		4B6B0ECF00FC45C8B11F8E53 /* Feather.ttf */ = {isa = PBXFileReference; name = "Feather.ttf"; path = "../node_modules/react-native-vector-icons/Fonts/Feather.ttf"; sourceTree = "<group>"; fileEncoding = undefined; lastKnownFileType = unknown; explicitFileType = undefined; includeInIndex = 0; };
		7CCE5D564FF84625850F1403 /* FontAwesome.ttf */ = {isa = PBXFileReference; name = "FontAwesome.ttf"; path = "../node_modules/react-native-vector-icons/Fonts/FontAwesome.ttf"; sourceTree = "<group>"; fileEncoding = undefined; lastKnownFileType = unknown; explicitFileType = undefined; includeInIndex = 0; };
		D7B3FE0E15544E2C8CFED857 /* FontAwesome5_Brands.ttf */ = {isa = PBXFileReference; name = "FontAwesome5_Brands.ttf"; path = "../node_modules/react-native-vector-icons/Fonts/FontAwesome5_Brands.ttf"; sourceTree = "<group>"; fileEncoding = undefined; lastKnownFileType = unknown; explicitFileType = undefined; includeInIndex = 0; };
		703EF46B28FD45788E8661C5 /* FontAwesome5_Regular.ttf */ = {isa = PBXFileReference; name = "FontAwesome5_Regular.ttf"; path = "../node_modules/react-native-vector-icons/Fonts/FontAwesome5_Regular.ttf"; sourceTree = "<group>"; fileEncoding = undefined; lastKnownFileType = unknown; explicitFileType = undefined; includeInIndex = 0; };
		43A1CE14507D476F9EBE2B75 /* FontAwesome5_Solid.ttf */ = {isa = PBXFileReference; name = "FontAwesome5_Solid.ttf"; path = "../node_modules/react-native-vector-icons/Fonts/FontAwesome5_Solid.ttf"; sourceTree = "<group>"; fileEncoding = undefined; lastKnownFileType = unknown; explicitFileType = undefined; includeInIndex = 0; };
		43BA9579C9934F81B2E36330 /* Fontisto.ttf */ = {isa = PBXFileReference; name = "Fontisto.ttf"; path = "../node_modules/react-native-vector-icons/Fonts/Fontisto.ttf"; sourceTree = "<group>"; fileEncoding = undefined; lastKnownFileType = unknown; explicitFileType = undefined; includeInIndex = 0; };
		0CBA93743D4A4D539E4D0DA8 /* Foundation.ttf */ = {isa = PBXFileReference; name = "Foundation.ttf"; path = "../node_modules/react-native-vector-icons/Fonts/Foundation.ttf"; sourceTree = "<group>"; fileEncoding = undefined; lastKnownFileType = unknown; explicitFileType = undefined; includeInIndex = 0; };
		8E7F14B193694AFFB7FBC79D /* Ionicons.ttf */ = {isa = PBXFileReference; name = "Ionicons.ttf"; path = "../node_modules/react-native-vector-icons/Fonts/Ionicons.ttf"; sourceTree = "<group>"; fileEncoding = undefined; lastKnownFileType = unknown; explicitFileType = undefined; includeInIndex = 0; };
		E7C79D66CE0843B1B2DDC4FD /* MaterialCommunityIcons.ttf */ = {isa = PBXFileReference; name = "MaterialCommunityIcons.ttf"; path = "../node_modules/react-native-vector-icons/Fonts/MaterialCommunityIcons.ttf"; sourceTree = "<group>"; fileEncoding = undefined; lastKnownFileType = unknown; explicitFileType = undefined; includeInIndex = 0; };
		764B90F4753044E8838CC6EF /* MaterialIcons.ttf */ = {isa = PBXFileReference; name = "MaterialIcons.ttf"; path = "../node_modules/react-native-vector-icons/Fonts/MaterialIcons.ttf"; sourceTree = "<group>"; fileEncoding = undefined; lastKnownFileType = unknown; explicitFileType = undefined; includeInIndex = 0; };
		B1FF66FCF39349A396E4826F /* Octicons.ttf */ = {isa = PBXFileReference; name = "Octicons.ttf"; path = "../node_modules/react-native-vector-icons/Fonts/Octicons.ttf"; sourceTree = "<group>"; fileEncoding = undefined; lastKnownFileType = unknown; explicitFileType = undefined; includeInIndex = 0; };
		994DCB07320D456E8EDF2E3E /* SimpleLineIcons.ttf */ = {isa = PBXFileReference; name = "SimpleLineIcons.ttf"; path = "../node_modules/react-native-vector-icons/Fonts/SimpleLineIcons.ttf"; sourceTree = "<group>"; fileEncoding = undefined; lastKnownFileType = unknown; explicitFileType = undefined; includeInIndex = 0; };
		9FC726592B154DE59C89F451 /* Zocial.ttf */ = {isa = PBXFileReference; name = "Zocial.ttf"; path = "../node_modules/react-native-vector-icons/Fonts/Zocial.ttf"; sourceTree = "<group>"; fileEncoding = undefined; lastKnownFileType = unknown; explicitFileType = undefined; includeInIndex = 0; };
		EC1D26BD602B40E39A060F0A /* AfterBreaking.otf */ = {isa = PBXFileReference; name = "AfterBreaking.otf"; path = "../src/assets/fonts/AfterBreaking.otf"; sourceTree = "<group>"; fileEncoding = undefined; lastKnownFileType = unknown; explicitFileType = undefined; includeInIndex = 0; };
		2E8EADFDC7F94FBEA1196F1F /* Ambulane.ttf */ = {isa = PBXFileReference; name = "Ambulane.ttf"; path = "../src/assets/fonts/Ambulane.ttf"; sourceTree = "<group>"; fileEncoding = undefined; lastKnownFileType = unknown; explicitFileType = undefined; includeInIndex = 0; };
		0A6CEB72ACEF4679B378FF0D /* Guttenbay.ttf */ = {isa = PBXFileReference; name = "Guttenbay.ttf"; path = "../src/assets/fonts/Guttenbay.ttf"; sourceTree = "<group>"; fileEncoding = undefined; lastKnownFileType = unknown; explicitFileType = undefined; includeInIndex = 0; };
		6E99BCCCF71D45E980DBB89D /* The Rughton Script.ttf */ = {isa = PBXFileReference; name = "The Rughton Script.ttf"; path = "../src/assets/fonts/The Rughton Script.ttf"; sourceTree = "<group>"; fileEncoding = undefined; lastKnownFileType = unknown; explicitFileType = undefined; includeInIndex = 0; };
		E3788D5A178A4B34A32F8C6A /* Westminster.otf */ = {isa = PBXFileReference; name = "Westminster.otf"; path = "../src/assets/fonts/Westminster.otf"; sourceTree = "<group>"; fileEncoding = undefined; lastKnownFileType = unknown; explicitFileType = undefined; includeInIndex = 0; };
/* End PBXFileReference section */

/* Begin PBXFrameworksBuildPhase section */
		00E356EB1AD99517003FC87E /* Frameworks */ = {
			isa = PBXFrameworksBuildPhase;
			buildActionMask = 2147483647;
			files = (
			);
			runOnlyForDeploymentPostprocessing = 0;
		};
		13B07F8C1A680F5B00A75B9A /* Frameworks */ = {
			isa = PBXFrameworksBuildPhase;
			buildActionMask = 2147483647;
			files = (
			);
			runOnlyForDeploymentPostprocessing = 0;
		};
/* End PBXFrameworksBuildPhase section */

/* Begin PBXGroup section */
		00E356EF1AD99517003FC87E /* soulmateTests */ = {
			isa = PBXGroup;
			children = (
				00E356F21AD99517003FC87E /* soulmateTests.m */,
				00E356F01AD99517003FC87E /* Supporting Files */,
			);
			path = soulmateTests;
			sourceTree = "<group>";
		};
		00E356F01AD99517003FC87E /* Supporting Files */ = {
			isa = PBXGroup;
			children = (
				00E356F11AD99517003FC87E /* Info.plist */,
			);
			name = "Supporting Files";
			sourceTree = "<group>";
		};
		13B07FAE1A68108700A75B9A /* soulmate */ = {
			isa = PBXGroup;
			children = (
				13B07FAF1A68108700A75B9A /* AppDelegate.h */,
				13B07FB01A68108700A75B9A /* AppDelegate.m */,
				13B07FB51A68108700A75B9A /* Images.xcassets */,
				13B07FB61A68108700A75B9A /* Info.plist */,
				81AB9BB72411601600AC10FF /* LaunchScreen.storyboard */,
				13B07FB71A68108700A75B9A /* main.m */,
			);
			name = soulmate;
			sourceTree = "<group>";
		};
		2D16E6871FA4F8E400B85C8A /* Frameworks */ = {
			isa = PBXGroup;
			children = (
				ED297162215061F000B7C4FE /* JavaScriptCore.framework */,
			);
			name = Frameworks;
			sourceTree = "<group>";
		};
		832341AE1AAA6A7D00B99B32 /* Libraries */ = {
			isa = PBXGroup;
			children = (
			);
			name = Libraries;
			sourceTree = "<group>";
		};
		83CBB9F61A601CBA00E9B192 = {
			isa = PBXGroup;
			children = (
				13B07FAE1A68108700A75B9A /* soulmate */,
				832341AE1AAA6A7D00B99B32 /* Libraries */,
				00E356EF1AD99517003FC87E /* soulmateTests */,
				83CBBA001A601CBA00E9B192 /* Products */,
				2D16E6871FA4F8E400B85C8A /* Frameworks */,
				7F9E1F69BF2641DA88D44CE3 /* Resources */,
			);
			indentWidth = 2;
			sourceTree = "<group>";
			tabWidth = 2;
			usesTabs = 0;
		};
		83CBBA001A601CBA00E9B192 /* Products */ = {
			isa = PBXGroup;
			children = (
				13B07F961A680F5B00A75B9A /* soulmate.app */,
				00E356EE1AD99517003FC87E /* soulmateTests.xctest */,
			);
			name = Products;
			sourceTree = "<group>";
		};
		7F9E1F69BF2641DA88D44CE3 /* Resources */ = {
			isa = "PBXGroup";
			children = (
				53414A466EB648528FC62889 /* AndikaNewBasic-Bold.ttf */,
				6BC82A49B93D4223BE1E521C /* AndikaNewBasic-BoldItalic.ttf */,
				9DE8D573D5E44E2D8D017BA7 /* AndikaNewBasic-Italic.ttf */,
				59F255F13E184E4089B32FDB /* AndikaNewBasic-Regular.ttf */,
				B054989EBA6C4C07A20C871E /* Courgette-Regular.ttf */,
				AF058AF1AFD94C7A8FA4B693 /* MarckScript-Regular.ttf */,
				F74C15CA8C4C4D048177EA70 /* PermanentMarker-Regular.ttf */,
				4FA37049373F473EAF67783C /* AndikaNewBasic-Bold.ttf */,
				96CC3575754048FF95283D7F /* AndikaNewBasic-BoldItalic.ttf */,
				25581D5DA56F4F8297CC3EAC /* AndikaNewBasic-Italic.ttf */,
				6106CC9F2884456393D62226 /* AndikaNewBasic-Regular.ttf */,
				9EAA18CFB33D4E1387CB7F0E /* Courgette-Regular.ttf */,
				6B95262F533F47CFB2F6A549 /* MarckScript-Regular.ttf */,
				D6E4F66E6B3F4B3B841F0EBE /* PermanentMarker-Regular.ttf */,
				5507AF8F4E094788B6CAA3CD /* FomoSans-Bold.ttf */,
				30C14E5E219B47B3B7AF3CD5 /* FomoSans-Regular.ttf */,
				45BA7013C5FC449486651694 /* nano.ttf */,
				E915FD744E51474CB676228E /* Tahu!.otf */,
				59AEABB679CE446E8DD4DDDD /* Tahu!.ttf */,
				098C915BC75B4806B175F324 /* Zingakon.ttf */,
				FCE06B2B905348C3AAE25C58 /* AntDesign.ttf */,
				39FE8903043145708A57A3FA /* Entypo.ttf */,
				523AD86EB15D466086681942 /* EvilIcons.ttf */,
				4B6B0ECF00FC45C8B11F8E53 /* Feather.ttf */,
				7CCE5D564FF84625850F1403 /* FontAwesome.ttf */,
				D7B3FE0E15544E2C8CFED857 /* FontAwesome5_Brands.ttf */,
				703EF46B28FD45788E8661C5 /* FontAwesome5_Regular.ttf */,
				43A1CE14507D476F9EBE2B75 /* FontAwesome5_Solid.ttf */,
				43BA9579C9934F81B2E36330 /* Fontisto.ttf */,
				0CBA93743D4A4D539E4D0DA8 /* Foundation.ttf */,
				8E7F14B193694AFFB7FBC79D /* Ionicons.ttf */,
				E7C79D66CE0843B1B2DDC4FD /* MaterialCommunityIcons.ttf */,
				764B90F4753044E8838CC6EF /* MaterialIcons.ttf */,
				B1FF66FCF39349A396E4826F /* Octicons.ttf */,
				994DCB07320D456E8EDF2E3E /* SimpleLineIcons.ttf */,
				9FC726592B154DE59C89F451 /* Zocial.ttf */,
				EC1D26BD602B40E39A060F0A /* AfterBreaking.otf */,
				2E8EADFDC7F94FBEA1196F1F /* Ambulane.ttf */,
				0A6CEB72ACEF4679B378FF0D /* Guttenbay.ttf */,
				6E99BCCCF71D45E980DBB89D /* The Rughton Script.ttf */,
				E3788D5A178A4B34A32F8C6A /* Westminster.otf */,
			);
			name = Resources;
			sourceTree = "<group>";
			path = "";
		};
/* End PBXGroup section */

/* Begin PBXNativeTarget section */
		00E356ED1AD99517003FC87E /* soulmateTests */ = {
			isa = PBXNativeTarget;
			buildConfigurationList = 00E357021AD99517003FC87E /* Build configuration list for PBXNativeTarget "soulmateTests" */;
			buildPhases = (
				00E356EA1AD99517003FC87E /* Sources */,
				00E356EB1AD99517003FC87E /* Frameworks */,
				00E356EC1AD99517003FC87E /* Resources */,
			);
			buildRules = (
			);
			dependencies = (
				00E356F51AD99517003FC87E /* PBXTargetDependency */,
			);
			name = soulmateTests;
			productName = soulmateTests;
			productReference = 00E356EE1AD99517003FC87E /* soulmateTests.xctest */;
			productType = "com.apple.product-type.bundle.unit-test";
		};
		13B07F861A680F5B00A75B9A /* soulmate */ = {
			isa = PBXNativeTarget;
			buildConfigurationList = 13B07F931A680F5B00A75B9A /* Build configuration list for PBXNativeTarget "soulmate" */;
			buildPhases = (
				FD10A7F022414F080027D42C /* Start Packager */,
				13B07F871A680F5B00A75B9A /* Sources */,
				13B07F8C1A680F5B00A75B9A /* Frameworks */,
				13B07F8E1A680F5B00A75B9A /* Resources */,
				00DD1BFF1BD5951E006B06BC /* Bundle React Native code and images */,
			);
			buildRules = (
			);
			dependencies = (
			);
			name = soulmate;
			productName = soulmate;
			productReference = 13B07F961A680F5B00A75B9A /* soulmate.app */;
			productType = "com.apple.product-type.application";
		};
/* End PBXNativeTarget section */

/* Begin PBXProject section */
		83CBB9F71A601CBA00E9B192 /* Project object */ = {
			isa = PBXProject;
			attributes = {
				LastUpgradeCheck = 1210;
				TargetAttributes = {
					00E356ED1AD99517003FC87E = {
						CreatedOnToolsVersion = 6.2;
						TestTargetID = 13B07F861A680F5B00A75B9A;
					};
					13B07F861A680F5B00A75B9A = {
						LastSwiftMigration = 1120;
					};
				};
			};
			buildConfigurationList = 83CBB9FA1A601CBA00E9B192 /* Build configuration list for PBXProject "soulmate" */;
			compatibilityVersion = "Xcode 12.0";
			developmentRegion = en;
			hasScannedForEncodings = 0;
			knownRegions = (
				en,
				Base,
			);
			mainGroup = 83CBB9F61A601CBA00E9B192;
			productRefGroup = 83CBBA001A601CBA00E9B192 /* Products */;
			projectDirPath = "";
			projectRoot = "";
			targets = (
				13B07F861A680F5B00A75B9A /* soulmate */,
				00E356ED1AD99517003FC87E /* soulmateTests */,
			);
		};
/* End PBXProject section */

/* Begin PBXResourcesBuildPhase section */
		00E356EC1AD99517003FC87E /* Resources */ = {
			isa = PBXResourcesBuildPhase;
			buildActionMask = 2147483647;
			files = (
			);
			runOnlyForDeploymentPostprocessing = 0;
		};
		13B07F8E1A680F5B00A75B9A /* Resources */ = {
			isa = PBXResourcesBuildPhase;
			buildActionMask = 2147483647;
			files = (
				81AB9BB82411601600AC10FF /* LaunchScreen.storyboard in Resources */,
				13B07FBF1A68108700A75B9A /* Images.xcassets in Resources */,
				44820C27881943339EBF4704 /* AndikaNewBasic-Bold.ttf in Resources */,
				452FB7438BA84323BDFDAE94 /* AndikaNewBasic-BoldItalic.ttf in Resources */,
				0AFD200E74FC46F88521DED2 /* AndikaNewBasic-Italic.ttf in Resources */,
				AFAEB07F802B40A480AC848E /* AndikaNewBasic-Regular.ttf in Resources */,
				657E51D5A0FF478AB258E947 /* Courgette-Regular.ttf in Resources */,
				395CCD1AA92F4C1B80FA989B /* MarckScript-Regular.ttf in Resources */,
				1541D810533B456298A359B6 /* PermanentMarker-Regular.ttf in Resources */,
				8F423CABAF1846E2BF47DAB3 /* AndikaNewBasic-Bold.ttf in Resources */,
				3E399704DE7B4099AEE0B3D5 /* AndikaNewBasic-BoldItalic.ttf in Resources */,
				06BBC0632C014DF496972D19 /* AndikaNewBasic-Italic.ttf in Resources */,
				463D895C77554F6AA7F133C6 /* AndikaNewBasic-Regular.ttf in Resources */,
				9514EBE7B9914D25BFD4EDB8 /* Courgette-Regular.ttf in Resources */,
				9334A92EB30D4246B35BE226 /* MarckScript-Regular.ttf in Resources */,
				47C9B1BC674943B3AD213E97 /* PermanentMarker-Regular.ttf in Resources */,
				F28953B920B1449298387EBA /* FomoSans-Bold.ttf in Resources */,
				AD3F2647B5AC49E48D124F1A /* FomoSans-Regular.ttf in Resources */,
				B0BF967EC1B745A9841C55B3 /* nano.ttf in Resources */,
				0ABA127710554C4D97B5E941 /* Tahu!.otf in Resources */,
				DDDC142586FF4585AED7BD60 /* Tahu!.ttf in Resources */,
				00CB2562847A429C997C82E2 /* Zingakon.ttf in Resources */,
				3FDF7FE182434836A918DF76 /* AntDesign.ttf in Resources */,
				E6A4A9F81AB248EEBB972684 /* Entypo.ttf in Resources */,
				E38171D5907C4C1BB1917929 /* EvilIcons.ttf in Resources */,
				8CF621914AAB483F96E25F6D /* Feather.ttf in Resources */,
				0DD00B99A7CB4DEC8D109D77 /* FontAwesome.ttf in Resources */,
				9644B76B13F8495C95750F7A /* FontAwesome5_Brands.ttf in Resources */,
				C1AB74F4429C4CB298AF3648 /* FontAwesome5_Regular.ttf in Resources */,
				C7A4B5229D7C4A179A383E2F /* FontAwesome5_Solid.ttf in Resources */,
				61C2994D193540ED8BAC92EA /* Fontisto.ttf in Resources */,
				B7A6610168D341F89D34CFCE /* Foundation.ttf in Resources */,
				37052ABA0AF24057A78E5827 /* Ionicons.ttf in Resources */,
				C1346ABF8F7C45609393D8B5 /* MaterialCommunityIcons.ttf in Resources */,
				BB164D26D2E74776ADE9EEF9 /* MaterialIcons.ttf in Resources */,
				8F24E26F9B564956A9CC6CEC /* Octicons.ttf in Resources */,
				6FA3E12A57144237AD694B30 /* SimpleLineIcons.ttf in Resources */,
				519CB7A5791A4C60BCD2FCEE /* Zocial.ttf in Resources */,
				B38D922ED866460EA5353F36 /* AfterBreaking.otf in Resources */,
				7CA7E67EA8EB496A85D1BCC2 /* Ambulane.ttf in Resources */,
				F60D50BACCF14BABA4464EF3 /* Guttenbay.ttf in Resources */,
				78780F6611B84076A2FE73D0 /* The Rughton Script.ttf in Resources */,
				610B3A54EB874759BE1EE55D /* Westminster.otf in Resources */,
			);
			runOnlyForDeploymentPostprocessing = 0;
		};
/* End PBXResourcesBuildPhase section */

/* Begin PBXShellScriptBuildPhase section */
		00DD1BFF1BD5951E006B06BC /* Bundle React Native code and images */ = {
			isa = PBXShellScriptBuildPhase;
			buildActionMask = 2147483647;
			files = (
			);
			inputPaths = (
			);
			name = "Bundle React Native code and images";
			outputPaths = (
			);
			runOnlyForDeploymentPostprocessing = 0;
			shellPath = /bin/sh;
			shellScript = "set -e\n\nexport NODE_BINARY=node\n../node_modules/react-native/scripts/react-native-xcode.sh\n";
		};
		FD10A7F022414F080027D42C /* Start Packager */ = {
			isa = PBXShellScriptBuildPhase;
			buildActionMask = 2147483647;
			files = (
			);
			inputFileListPaths = (
			);
			inputPaths = (
			);
			name = "Start Packager";
			outputFileListPaths = (
			);
			outputPaths = (
			);
			runOnlyForDeploymentPostprocessing = 0;
			shellPath = /bin/sh;
			shellScript = "export RCT_METRO_PORT=\"${RCT_METRO_PORT:=8081}\"\necho \"export RCT_METRO_PORT=${RCT_METRO_PORT}\" > \"${SRCROOT}/../node_modules/react-native/scripts/.packager.env\"\nif [ -z \"${RCT_NO_LAUNCH_PACKAGER+xxx}\" ] ; then\n  if nc -w 5 -z localhost ${RCT_METRO_PORT} ; then\n    if ! curl -s \"http://localhost:${RCT_METRO_PORT}/status\" | grep -q \"packager-status:running\" ; then\n      echo \"Port ${RCT_METRO_PORT} already in use, packager is either not running or not running correctly\"\n      exit 2\n    fi\n  else\n    open \"$SRCROOT/../node_modules/react-native/scripts/launchPackager.command\" || echo \"Can't start packager automatically\"\n  fi\nfi\n";
			showEnvVarsInLog = 0;
		};
/* End PBXShellScriptBuildPhase section */

/* Begin PBXSourcesBuildPhase section */
		00E356EA1AD99517003FC87E /* Sources */ = {
			isa = PBXSourcesBuildPhase;
			buildActionMask = 2147483647;
			files = (
				00E356F31AD99517003FC87E /* soulmateTests.m in Sources */,
			);
			runOnlyForDeploymentPostprocessing = 0;
		};
		13B07F871A680F5B00A75B9A /* Sources */ = {
			isa = PBXSourcesBuildPhase;
			buildActionMask = 2147483647;
			files = (
				13B07FBC1A68108700A75B9A /* AppDelegate.m in Sources */,
				13B07FC11A68108700A75B9A /* main.m in Sources */,
			);
			runOnlyForDeploymentPostprocessing = 0;
		};
/* End PBXSourcesBuildPhase section */

/* Begin PBXTargetDependency section */
		00E356F51AD99517003FC87E /* PBXTargetDependency */ = {
			isa = PBXTargetDependency;
			target = 13B07F861A680F5B00A75B9A /* soulmate */;
			targetProxy = 00E356F41AD99517003FC87E /* PBXContainerItemProxy */;
		};
/* End PBXTargetDependency section */

/* Begin XCBuildConfiguration section */
		00E356F61AD99517003FC87E /* Debug */ = {
			isa = XCBuildConfiguration;
			buildSettings = {
				BUNDLE_LOADER = "$(TEST_HOST)";
				GCC_PREPROCESSOR_DEFINITIONS = (
					"DEBUG=1",
					"$(inherited)",
				);
				INFOPLIST_FILE = soulmateTests/Info.plist;
				IPHONEOS_DEPLOYMENT_TARGET = 11.0;
				LD_RUNPATH_SEARCH_PATHS = (
					"$(inherited)",
					"@executable_path/Frameworks",
					"@loader_path/Frameworks",
				);
				OTHER_LDFLAGS = (
					"-ObjC",
					"-lc++",
					"$(inherited)",
				);
				PRODUCT_BUNDLE_IDENTIFIER = "org.reactjs.native.example.$(PRODUCT_NAME:rfc1034identifier)";
				PRODUCT_NAME = "$(TARGET_NAME)";
				TEST_HOST = "$(BUILT_PRODUCTS_DIR)/soulmate.app/soulmate";
			};
			name = Debug;
		};
		00E356F71AD99517003FC87E /* Release */ = {
			isa = XCBuildConfiguration;
			buildSettings = {
				BUNDLE_LOADER = "$(TEST_HOST)";
				COPY_PHASE_STRIP = NO;
				INFOPLIST_FILE = soulmateTests/Info.plist;
				IPHONEOS_DEPLOYMENT_TARGET = 11.0;
				LD_RUNPATH_SEARCH_PATHS = (
					"$(inherited)",
					"@executable_path/Frameworks",
					"@loader_path/Frameworks",
				);
				OTHER_LDFLAGS = (
					"-ObjC",
					"-lc++",
					"$(inherited)",
				);
				PRODUCT_BUNDLE_IDENTIFIER = "org.reactjs.native.example.$(PRODUCT_NAME:rfc1034identifier)";
				PRODUCT_NAME = "$(TARGET_NAME)";
				TEST_HOST = "$(BUILT_PRODUCTS_DIR)/soulmate.app/soulmate";
			};
			name = Release;
		};
		13B07F941A680F5B00A75B9A /* Debug */ = {
			isa = XCBuildConfiguration;
			buildSettings = {
				ASSETCATALOG_COMPILER_APPICON_NAME = AppIcon;
				CLANG_ENABLE_MODULES = YES;
				CURRENT_PROJECT_VERSION = 1;
				ENABLE_BITCODE = NO;
				INFOPLIST_FILE = soulmate/Info.plist;
				LD_RUNPATH_SEARCH_PATHS = (
					"$(inherited)",
					"@executable_path/Frameworks",
				);
				OTHER_LDFLAGS = (
					"$(inherited)",
					"-ObjC",
					"-lc++",
				);
				PRODUCT_BUNDLE_IDENTIFIER = "org.reactjs.native.example.$(PRODUCT_NAME:rfc1034identifier)";
				PRODUCT_NAME = soulmate;
				SWIFT_OPTIMIZATION_LEVEL = "-Onone";
				SWIFT_VERSION = 5.0;
				VERSIONING_SYSTEM = "apple-generic";
			};
			name = Debug;
		};
		13B07F951A680F5B00A75B9A /* Release */ = {
			isa = XCBuildConfiguration;
			buildSettings = {
				ASSETCATALOG_COMPILER_APPICON_NAME = AppIcon;
				CLANG_ENABLE_MODULES = YES;
				CURRENT_PROJECT_VERSION = 1;
				INFOPLIST_FILE = soulmate/Info.plist;
				LD_RUNPATH_SEARCH_PATHS = (
					"$(inherited)",
					"@executable_path/Frameworks",
				);
				OTHER_LDFLAGS = (
					"$(inherited)",
					"-ObjC",
					"-lc++",
				);
				PRODUCT_BUNDLE_IDENTIFIER = "org.reactjs.native.example.$(PRODUCT_NAME:rfc1034identifier)";
				PRODUCT_NAME = soulmate;
				SWIFT_VERSION = 5.0;
				VERSIONING_SYSTEM = "apple-generic";
			};
			name = Release;
		};
		83CBBA201A601CBA00E9B192 /* Debug */ = {
			isa = XCBuildConfiguration;
			buildSettings = {
				ALWAYS_SEARCH_USER_PATHS = NO;
				CLANG_ANALYZER_LOCALIZABILITY_NONLOCALIZED = YES;
				CLANG_CXX_LANGUAGE_STANDARD = "gnu++0x";
				CLANG_CXX_LIBRARY = "libc++";
				CLANG_ENABLE_MODULES = YES;
				CLANG_ENABLE_OBJC_ARC = YES;
				CLANG_WARN_BLOCK_CAPTURE_AUTORELEASING = YES;
				CLANG_WARN_BOOL_CONVERSION = YES;
				CLANG_WARN_COMMA = YES;
				CLANG_WARN_CONSTANT_CONVERSION = YES;
				CLANG_WARN_DEPRECATED_OBJC_IMPLEMENTATIONS = YES;
				CLANG_WARN_DIRECT_OBJC_ISA_USAGE = YES_ERROR;
				CLANG_WARN_EMPTY_BODY = YES;
				CLANG_WARN_ENUM_CONVERSION = YES;
				CLANG_WARN_INFINITE_RECURSION = YES;
				CLANG_WARN_INT_CONVERSION = YES;
				CLANG_WARN_NON_LITERAL_NULL_CONVERSION = YES;
				CLANG_WARN_OBJC_IMPLICIT_RETAIN_SELF = YES;
				CLANG_WARN_OBJC_LITERAL_CONVERSION = YES;
				CLANG_WARN_OBJC_ROOT_CLASS = YES_ERROR;
				CLANG_WARN_QUOTED_INCLUDE_IN_FRAMEWORK_HEADER = YES;
				CLANG_WARN_RANGE_LOOP_ANALYSIS = YES;
				CLANG_WARN_STRICT_PROTOTYPES = YES;
				CLANG_WARN_SUSPICIOUS_MOVE = YES;
				CLANG_WARN_UNREACHABLE_CODE = YES;
				CLANG_WARN__DUPLICATE_METHOD_MATCH = YES;
				"CODE_SIGN_IDENTITY[sdk=iphoneos*]" = "iPhone Developer";
				COPY_PHASE_STRIP = NO;
				ENABLE_STRICT_OBJC_MSGSEND = YES;
				ENABLE_TESTABILITY = YES;
				GCC_C_LANGUAGE_STANDARD = gnu99;
				GCC_DYNAMIC_NO_PIC = NO;
				GCC_NO_COMMON_BLOCKS = YES;
				GCC_OPTIMIZATION_LEVEL = 0;
				GCC_PREPROCESSOR_DEFINITIONS = (
					"DEBUG=1",
					"$(inherited)",
				);
				GCC_SYMBOLS_PRIVATE_EXTERN = NO;
				GCC_WARN_64_TO_32_BIT_CONVERSION = YES;
				GCC_WARN_ABOUT_RETURN_TYPE = YES_ERROR;
				GCC_WARN_UNDECLARED_SELECTOR = YES;
				GCC_WARN_UNINITIALIZED_AUTOS = YES_AGGRESSIVE;
				GCC_WARN_UNUSED_FUNCTION = YES;
				GCC_WARN_UNUSED_VARIABLE = YES;
				IPHONEOS_DEPLOYMENT_TARGET = 11.0;
				LD_RUNPATH_SEARCH_PATHS = (
					/usr/lib/swift,
					"$(inherited)",
				);
				LIBRARY_SEARCH_PATHS = (
					"\"$(TOOLCHAIN_DIR)/usr/lib/swift/$(PLATFORM_NAME)\"",
					"\"$(TOOLCHAIN_DIR)/usr/lib/swift-5.0/$(PLATFORM_NAME)\"",
					"\"$(inherited)\"",
				);
				MTL_ENABLE_DEBUG_INFO = YES;
				ONLY_ACTIVE_ARCH = YES;
				SDKROOT = iphoneos;
			};
			name = Debug;
		};
		83CBBA211A601CBA00E9B192 /* Release */ = {
			isa = XCBuildConfiguration;
			buildSettings = {
				ALWAYS_SEARCH_USER_PATHS = NO;
				CLANG_ANALYZER_LOCALIZABILITY_NONLOCALIZED = YES;
				CLANG_CXX_LANGUAGE_STANDARD = "gnu++0x";
				CLANG_CXX_LIBRARY = "libc++";
				CLANG_ENABLE_MODULES = YES;
				CLANG_ENABLE_OBJC_ARC = YES;
				CLANG_WARN_BLOCK_CAPTURE_AUTORELEASING = YES;
				CLANG_WARN_BOOL_CONVERSION = YES;
				CLANG_WARN_COMMA = YES;
				CLANG_WARN_CONSTANT_CONVERSION = YES;
				CLANG_WARN_DEPRECATED_OBJC_IMPLEMENTATIONS = YES;
				CLANG_WARN_DIRECT_OBJC_ISA_USAGE = YES_ERROR;
				CLANG_WARN_EMPTY_BODY = YES;
				CLANG_WARN_ENUM_CONVERSION = YES;
				CLANG_WARN_INFINITE_RECURSION = YES;
				CLANG_WARN_INT_CONVERSION = YES;
				CLANG_WARN_NON_LITERAL_NULL_CONVERSION = YES;
				CLANG_WARN_OBJC_IMPLICIT_RETAIN_SELF = YES;
				CLANG_WARN_OBJC_LITERAL_CONVERSION = YES;
				CLANG_WARN_OBJC_ROOT_CLASS = YES_ERROR;
				CLANG_WARN_QUOTED_INCLUDE_IN_FRAMEWORK_HEADER = YES;
				CLANG_WARN_RANGE_LOOP_ANALYSIS = YES;
				CLANG_WARN_STRICT_PROTOTYPES = YES;
				CLANG_WARN_SUSPICIOUS_MOVE = YES;
				CLANG_WARN_UNREACHABLE_CODE = YES;
				CLANG_WARN__DUPLICATE_METHOD_MATCH = YES;
				"CODE_SIGN_IDENTITY[sdk=iphoneos*]" = "iPhone Developer";
				COPY_PHASE_STRIP = YES;
				ENABLE_NS_ASSERTIONS = NO;
				ENABLE_STRICT_OBJC_MSGSEND = YES;
				GCC_C_LANGUAGE_STANDARD = gnu99;
				GCC_NO_COMMON_BLOCKS = YES;
				GCC_WARN_64_TO_32_BIT_CONVERSION = YES;
				GCC_WARN_ABOUT_RETURN_TYPE = YES_ERROR;
				GCC_WARN_UNDECLARED_SELECTOR = YES;
				GCC_WARN_UNINITIALIZED_AUTOS = YES_AGGRESSIVE;
				GCC_WARN_UNUSED_FUNCTION = YES;
				GCC_WARN_UNUSED_VARIABLE = YES;
				IPHONEOS_DEPLOYMENT_TARGET = 11.0;
				LD_RUNPATH_SEARCH_PATHS = (
					/usr/lib/swift,
					"$(inherited)",
				);
				LIBRARY_SEARCH_PATHS = (
					"\"$(TOOLCHAIN_DIR)/usr/lib/swift/$(PLATFORM_NAME)\"",
					"\"$(TOOLCHAIN_DIR)/usr/lib/swift-5.0/$(PLATFORM_NAME)\"",
					"\"$(inherited)\"",
				);
				MTL_ENABLE_DEBUG_INFO = NO;
				SDKROOT = iphoneos;
				VALIDATE_PRODUCT = YES;
			};
			name = Release;
		};
/* End XCBuildConfiguration section */

/* Begin XCConfigurationList section */
		00E357021AD99517003FC87E /* Build configuration list for PBXNativeTarget "soulmateTests" */ = {
			isa = XCConfigurationList;
			buildConfigurations = (
				00E356F61AD99517003FC87E /* Debug */,
				00E356F71AD99517003FC87E /* Release */,
			);
			defaultConfigurationIsVisible = 0;
			defaultConfigurationName = Release;
		};
		13B07F931A680F5B00A75B9A /* Build configuration list for PBXNativeTarget "soulmate" */ = {
			isa = XCConfigurationList;
			buildConfigurations = (
				13B07F941A680F5B00A75B9A /* Debug */,
				13B07F951A680F5B00A75B9A /* Release */,
			);
			defaultConfigurationIsVisible = 0;
			defaultConfigurationName = Release;
		};
		83CBB9FA1A601CBA00E9B192 /* Build configuration list for PBXProject "soulmate" */ = {
			isa = XCConfigurationList;
			buildConfigurations = (
				83CBBA201A601CBA00E9B192 /* Debug */,
				83CBBA211A601CBA00E9B192 /* Release */,
			);
			defaultConfigurationIsVisible = 0;
			defaultConfigurationName = Release;
		};
/* End XCConfigurationList section */
	};
	rootObject = 83CBB9F71A601CBA00E9B192 /* Project object */;
}
